<?xml version="1.0" encoding="utf-8"?>
<Project ToolsVersion="4.0" xmlns="http://schemas.microsoft.com/developer/msbuild/2003">
  <ItemGroup>
    <Filter Include="Events">
      <UniqueIdentifier>{3A8963B1-262B-8E87-0FE6-A1DBFB2615D8}</UniqueIdentifier>
    </Filter>
    <Filter Include="windows">
      <UniqueIdentifier>{70CAFEC8-DCA9-7D64-E5C1-083B5120E4C5}</UniqueIdentifier>
    </Filter>
  </ItemGroup>
  <ItemGroup>
    <ClInclude Include="Src\Application.h" />
    <ClInclude Include="Src\Core.h" />
    <ClInclude Include="Src\Events\Event.h">
      <Filter>Events</Filter>
    </ClInclude>
    <ClInclude Include="Src\KeyCodes.h" />
    <ClInclude Include="Src\MouseButtonCodes.h" />
    <ClInclude Include="Src\windows\WindowsWindow.h">
      <Filter>windows</Filter>
    </ClInclude>
    <ClInclude Include="Src\windows\window.h">
      <Filter>windows</Filter>
    </ClInclude>
    <ClInclude Include="src\Events\ApplicationEvent.h" />
    <ClInclude Include="src\Events\KeyEvent.h" />
    <ClInclude Include="src\Events\MouseEvent.h" />
  </ItemGroup>
  <ItemGroup>
    <ClCompile Include="Src\Application.cpp" />
    <ClCompile Include="Src\windows\WindowsWindow.cpp">
      <Filter>windows</Filter>
    </ClCompile>
  </ItemGroup>
</Project>